
Microsoft Visual Studio Solution File, Format Version 12.00
# Visual Studio Version 16
VisualStudioVersion = 16.0.31105.61
MinimumVisualStudioVersion = 10.0.40219.1
Project("{FAE04EC0-301F-11D3-BF4B-00C04F79EFBC}") = "ExecCalc", "ExecCalc\ExecCalc.csproj", "{498492BF-4D3D-4391-88EB-903499899F74}"
EndProject
Global
	GlobalSection(SolutionConfigurationPlatforms) = preSolution
		Debug|Any CPU = Debug|Any CPU
		Release|Any CPU = Release|Any CPU
	EndGlobalSection
	GlobalSection(ProjectConfigurationPlatforms) = postSolution
		{498492BF-4D3D-4391-88EB-903499899F74}.Debug|Any CPU.ActiveCfg = Debug|Any CPU
		{498492BF-4D3D-4391-88EB-903499899F74}.Debug|Any CPU.Build.0 = Debug|Any CPU
		{498492BF-4D3D-4391-88EB-903499899F74}.Release|Any CPU.ActiveCfg = Release|Any CPU
		{498492BF-4D3D-4391-88EB-903499899F74}.Release|Any CPU.Build.0 = Release|Any CPU
	EndGlobalSection
	GlobalSection(SolutionProperties) = preSolution
		HideSolutionNode = FALSE
	EndGlobalSection
	GlobalSection(ExtensibilityGlobals) = postSolution
		SolutionGuid = {4E6891C0-2008-48A1-A8F6-3EF4D6033147}
	EndGlobalSection
EndGlobal
